
Microsoft Visual Studio Solution File, Format Version 12.00
# Visual Studio Version 17
VisualStudioVersion = 17.4.33213.308
MinimumVisualStudioVersion = 10.0.40219.1
Project("{9A19103F-16F7-4668-BE54-9A1E7A4F7556}") = "dartswebsite", "dartswebsite\dartswebsite.csproj", "{5A3E8607-E529-427B-A39C-741258C845C9}"
EndProject
Project("{00D1A9C2-B5F0-4AF3-8072-F6C62B433612}") = "dartdb", "dartdb\dartdb.sqlproj", "{A2AE4ECF-A804-4717-A2BC-580C09EE6F7A}"
EndProject
Project("{FAE04EC0-301F-11D3-BF4B-00C04F79EFBC}") = "models", "models\models.csproj", "{36853478-AE7B-4D01-A105-93134A765061}"
EndProject
Global
	GlobalSection(SolutionConfigurationPlatforms) = preSolution
		Debug|Any CPU = Debug|Any CPU
		Release|Any CPU = Release|Any CPU
	EndGlobalSection
	GlobalSection(ProjectConfigurationPlatforms) = postSolution
		{5A3E8607-E529-427B-A39C-741258C845C9}.Debug|Any CPU.ActiveCfg = Debug|Any CPU
		{5A3E8607-E529-427B-A39C-741258C845C9}.Debug|Any CPU.Build.0 = Debug|Any CPU
		{5A3E8607-E529-427B-A39C-741258C845C9}.Release|Any CPU.ActiveCfg = Release|Any CPU
		{5A3E8607-E529-427B-A39C-741258C845C9}.Release|Any CPU.Build.0 = Release|Any CPU
		{A2AE4ECF-A804-4717-A2BC-580C09EE6F7A}.Debug|Any CPU.ActiveCfg = Debug|Any CPU
		{A2AE4ECF-A804-4717-A2BC-580C09EE6F7A}.Debug|Any CPU.Build.0 = Debug|Any CPU
		{A2AE4ECF-A804-4717-A2BC-580C09EE6F7A}.Debug|Any CPU.Deploy.0 = Debug|Any CPU
		{A2AE4ECF-A804-4717-A2BC-580C09EE6F7A}.Release|Any CPU.ActiveCfg = Release|Any CPU
		{A2AE4ECF-A804-4717-A2BC-580C09EE6F7A}.Release|Any CPU.Build.0 = Release|Any CPU
		{A2AE4ECF-A804-4717-A2BC-580C09EE6F7A}.Release|Any CPU.Deploy.0 = Release|Any CPU
		{36853478-AE7B-4D01-A105-93134A765061}.Debug|Any CPU.ActiveCfg = Debug|Any CPU
		{36853478-AE7B-4D01-A105-93134A765061}.Debug|Any CPU.Build.0 = Debug|Any CPU
		{36853478-AE7B-4D01-A105-93134A765061}.Release|Any CPU.ActiveCfg = Release|Any CPU
		{36853478-AE7B-4D01-A105-93134A765061}.Release|Any CPU.Build.0 = Release|Any CPU
	EndGlobalSection
	GlobalSection(SolutionProperties) = preSolution
		HideSolutionNode = FALSE
	EndGlobalSection
	GlobalSection(ExtensibilityGlobals) = postSolution
		SolutionGuid = {9C14D081-7406-47D5-9C4C-AB32018C18E1}
	EndGlobalSection
EndGlobal
