
Microsoft Visual Studio Solution File, Format Version 12.00
# Visual Studio Version 17
VisualStudioVersion = 17.4.33213.308
MinimumVisualStudioVersion = 10.0.40219.1
Project("{00D1A9C2-B5F0-4AF3-8072-F6C62B433612}") = "dartdb", "dartdb\dartdb.sqlproj", "{A2AE4ECF-A804-4717-A2BC-580C09EE6F7A}"
EndProject
Project("{9A19103F-16F7-4668-BE54-9A1E7A4F7556}") = "DAL", "DAL\DAL.csproj", "{C09EAE0A-F645-4973-9D22-42D51E96235A}"
EndProject
Project("{9A19103F-16F7-4668-BE54-9A1E7A4F7556}") = "IBLL", "IBLL\IBLL.csproj", "{D8DE9CB4-6FFE-4927-879F-4D292B634260}"
EndProject
Project("{9A19103F-16F7-4668-BE54-9A1E7A4F7556}") = "UI", "UI\UI.csproj", "{77EF22FF-B406-41D1-A6CA-3CCA2FD7FC15}"
EndProject
Project("{FAE04EC0-301F-11D3-BF4B-00C04F79EFBC}") = "IDAL", "IDAL\IDAL.csproj", "{2858E13D-97AF-43B2-9D26-1153411B14F1}"
EndProject
Project("{FAE04EC0-301F-11D3-BF4B-00C04F79EFBC}") = "Models", "Models\Models.csproj", "{3690972A-EB8E-4569-A566-2F06DE0094F2}"
EndProject
Project("{FAE04EC0-301F-11D3-BF4B-00C04F79EFBC}") = "BLL", "BLL\BLL.csproj", "{7B9FC98D-28CC-4521-BF0B-36A500322D84}"
EndProject
Global
	GlobalSection(SolutionConfigurationPlatforms) = preSolution
		Debug|Any CPU = Debug|Any CPU
		Release|Any CPU = Release|Any CPU
	EndGlobalSection
	GlobalSection(ProjectConfigurationPlatforms) = postSolution
		{A2AE4ECF-A804-4717-A2BC-580C09EE6F7A}.Debug|Any CPU.ActiveCfg = Debug|Any CPU
		{A2AE4ECF-A804-4717-A2BC-580C09EE6F7A}.Debug|Any CPU.Build.0 = Debug|Any CPU
		{A2AE4ECF-A804-4717-A2BC-580C09EE6F7A}.Debug|Any CPU.Deploy.0 = Debug|Any CPU
		{A2AE4ECF-A804-4717-A2BC-580C09EE6F7A}.Release|Any CPU.ActiveCfg = Release|Any CPU
		{A2AE4ECF-A804-4717-A2BC-580C09EE6F7A}.Release|Any CPU.Build.0 = Release|Any CPU
		{A2AE4ECF-A804-4717-A2BC-580C09EE6F7A}.Release|Any CPU.Deploy.0 = Release|Any CPU
		{C09EAE0A-F645-4973-9D22-42D51E96235A}.Debug|Any CPU.ActiveCfg = Debug|Any CPU
		{C09EAE0A-F645-4973-9D22-42D51E96235A}.Debug|Any CPU.Build.0 = Debug|Any CPU
		{C09EAE0A-F645-4973-9D22-42D51E96235A}.Release|Any CPU.ActiveCfg = Release|Any CPU
		{C09EAE0A-F645-4973-9D22-42D51E96235A}.Release|Any CPU.Build.0 = Release|Any CPU
		{D8DE9CB4-6FFE-4927-879F-4D292B634260}.Debug|Any CPU.ActiveCfg = Debug|Any CPU
		{D8DE9CB4-6FFE-4927-879F-4D292B634260}.Debug|Any CPU.Build.0 = Debug|Any CPU
		{D8DE9CB4-6FFE-4927-879F-4D292B634260}.Release|Any CPU.ActiveCfg = Release|Any CPU
		{D8DE9CB4-6FFE-4927-879F-4D292B634260}.Release|Any CPU.Build.0 = Release|Any CPU
		{77EF22FF-B406-41D1-A6CA-3CCA2FD7FC15}.Debug|Any CPU.ActiveCfg = Debug|Any CPU
		{77EF22FF-B406-41D1-A6CA-3CCA2FD7FC15}.Debug|Any CPU.Build.0 = Debug|Any CPU
		{77EF22FF-B406-41D1-A6CA-3CCA2FD7FC15}.Release|Any CPU.ActiveCfg = Release|Any CPU
		{77EF22FF-B406-41D1-A6CA-3CCA2FD7FC15}.Release|Any CPU.Build.0 = Release|Any CPU
		{2858E13D-97AF-43B2-9D26-1153411B14F1}.Debug|Any CPU.ActiveCfg = Debug|Any CPU
		{2858E13D-97AF-43B2-9D26-1153411B14F1}.Debug|Any CPU.Build.0 = Debug|Any CPU
		{2858E13D-97AF-43B2-9D26-1153411B14F1}.Release|Any CPU.ActiveCfg = Release|Any CPU
		{2858E13D-97AF-43B2-9D26-1153411B14F1}.Release|Any CPU.Build.0 = Release|Any CPU
		{3690972A-EB8E-4569-A566-2F06DE0094F2}.Debug|Any CPU.ActiveCfg = Debug|Any CPU
		{3690972A-EB8E-4569-A566-2F06DE0094F2}.Debug|Any CPU.Build.0 = Debug|Any CPU
		{3690972A-EB8E-4569-A566-2F06DE0094F2}.Release|Any CPU.ActiveCfg = Release|Any CPU
		{3690972A-EB8E-4569-A566-2F06DE0094F2}.Release|Any CPU.Build.0 = Release|Any CPU
		{7B9FC98D-28CC-4521-BF0B-36A500322D84}.Debug|Any CPU.ActiveCfg = Debug|Any CPU
		{7B9FC98D-28CC-4521-BF0B-36A500322D84}.Debug|Any CPU.Build.0 = Debug|Any CPU
		{7B9FC98D-28CC-4521-BF0B-36A500322D84}.Release|Any CPU.ActiveCfg = Release|Any CPU
		{7B9FC98D-28CC-4521-BF0B-36A500322D84}.Release|Any CPU.Build.0 = Release|Any CPU
	EndGlobalSection
	GlobalSection(SolutionProperties) = preSolution
		HideSolutionNode = FALSE
	EndGlobalSection
	GlobalSection(ExtensibilityGlobals) = postSolution
		SolutionGuid = {9C14D081-7406-47D5-9C4C-AB32018C18E1}
	EndGlobalSection
EndGlobal
